
Microsoft Visual Studio Solution File, Format Version 12.00
# Visual Studio Version 17
VisualStudioVersion = 17.5.002.0
MinimumVisualStudioVersion = 10.0.40219.1
Project("{9A19103F-16F7-4668-BE54-9A1E7A4F7556}") = "Teste_1", "Teste_1\Teste_1.csproj", "{486AB818-00D5-44AA-8FEE-CA8D7CD19184}"
EndProject
Project("{9A19103F-16F7-4668-BE54-9A1E7A4F7556}") = "Teste_2", "Teste_2\Teste_2.csproj", "{D893D052-C97F-462F-912C-C8AF2E2DAC4F}"
EndProject
Project("{9A19103F-16F7-4668-BE54-9A1E7A4F7556}") = "Teste_3", "Teste_3\Teste_3.csproj", "{CACFEB6D-6CD8-423F-9C6F-D36F28DB89E9}"
EndProject
Project("{9A19103F-16F7-4668-BE54-9A1E7A4F7556}") = "Teste_4", "Teste_4\Teste_4.csproj", "{2125CABE-1AA5-47D7-915F-80716A7F351D}"
EndProject
Project("{9A19103F-16F7-4668-BE54-9A1E7A4F7556}") = "Teste_5", "Teste_5\Teste_5.csproj", "{30E12FCE-2367-4455-AB35-535CD73D150F}"
EndProject
Global
	GlobalSection(SolutionConfigurationPlatforms) = preSolution
		Debug|Any CPU = Debug|Any CPU
		Release|Any CPU = Release|Any CPU
	EndGlobalSection
	GlobalSection(ProjectConfigurationPlatforms) = postSolution
		{486AB818-00D5-44AA-8FEE-CA8D7CD19184}.Debug|Any CPU.ActiveCfg = Debug|Any CPU
		{486AB818-00D5-44AA-8FEE-CA8D7CD19184}.Debug|Any CPU.Build.0 = Debug|Any CPU
		{486AB818-00D5-44AA-8FEE-CA8D7CD19184}.Release|Any CPU.ActiveCfg = Release|Any CPU
		{486AB818-00D5-44AA-8FEE-CA8D7CD19184}.Release|Any CPU.Build.0 = Release|Any CPU
		{D893D052-C97F-462F-912C-C8AF2E2DAC4F}.Debug|Any CPU.ActiveCfg = Debug|Any CPU
		{D893D052-C97F-462F-912C-C8AF2E2DAC4F}.Debug|Any CPU.Build.0 = Debug|Any CPU
		{D893D052-C97F-462F-912C-C8AF2E2DAC4F}.Release|Any CPU.ActiveCfg = Release|Any CPU
		{D893D052-C97F-462F-912C-C8AF2E2DAC4F}.Release|Any CPU.Build.0 = Release|Any CPU
		{CACFEB6D-6CD8-423F-9C6F-D36F28DB89E9}.Debug|Any CPU.ActiveCfg = Debug|Any CPU
		{CACFEB6D-6CD8-423F-9C6F-D36F28DB89E9}.Debug|Any CPU.Build.0 = Debug|Any CPU
		{CACFEB6D-6CD8-423F-9C6F-D36F28DB89E9}.Release|Any CPU.ActiveCfg = Release|Any CPU
		{CACFEB6D-6CD8-423F-9C6F-D36F28DB89E9}.Release|Any CPU.Build.0 = Release|Any CPU
		{2125CABE-1AA5-47D7-915F-80716A7F351D}.Debug|Any CPU.ActiveCfg = Debug|Any CPU
		{2125CABE-1AA5-47D7-915F-80716A7F351D}.Debug|Any CPU.Build.0 = Debug|Any CPU
		{2125CABE-1AA5-47D7-915F-80716A7F351D}.Release|Any CPU.ActiveCfg = Release|Any CPU
		{2125CABE-1AA5-47D7-915F-80716A7F351D}.Release|Any CPU.Build.0 = Release|Any CPU
		{30E12FCE-2367-4455-AB35-535CD73D150F}.Debug|Any CPU.ActiveCfg = Debug|Any CPU
		{30E12FCE-2367-4455-AB35-535CD73D150F}.Debug|Any CPU.Build.0 = Debug|Any CPU
		{30E12FCE-2367-4455-AB35-535CD73D150F}.Release|Any CPU.ActiveCfg = Release|Any CPU
		{30E12FCE-2367-4455-AB35-535CD73D150F}.Release|Any CPU.Build.0 = Release|Any CPU
	EndGlobalSection
	GlobalSection(SolutionProperties) = preSolution
		HideSolutionNode = FALSE
	EndGlobalSection
	GlobalSection(ExtensibilityGlobals) = postSolution
		SolutionGuid = {16D40180-DC02-47D9-9FBC-36E33CE00003}
	EndGlobalSection
EndGlobal
